
Microsoft Visual Studio Solution File, Format Version 12.00
# Visual Studio Version 18
VisualStudioVersion = 18.0.11012.119 d18.0
MinimumVisualStudioVersion = 10.0.40219.1
Project("{FAE04EC0-301F-11D3-BF4B-00C04F79EFBC}") = "BlazingTrails.Client", "BlazingTrails.Client\BlazingTrails.Client.csproj", "{C7678437-492C-4700-A7E1-ED29B5825275}"
EndProject
Global
	GlobalSection(SolutionConfigurationPlatforms) = preSolution
		Debug|Any CPU = Debug|Any CPU
		Release|Any CPU = Release|Any CPU
	EndGlobalSection
	GlobalSection(ProjectConfigurationPlatforms) = postSolution
		{C7678437-492C-4700-A7E1-ED29B5825275}.Debug|Any CPU.ActiveCfg = Debug|Any CPU
		{C7678437-492C-4700-A7E1-ED29B5825275}.Debug|Any CPU.Build.0 = Debug|Any CPU
		{C7678437-492C-4700-A7E1-ED29B5825275}.Release|Any CPU.ActiveCfg = Release|Any CPU
		{C7678437-492C-4700-A7E1-ED29B5825275}.Release|Any CPU.Build.0 = Release|Any CPU
	EndGlobalSection
	GlobalSection(SolutionProperties) = preSolution
		HideSolutionNode = FALSE
	EndGlobalSection
	GlobalSection(ExtensibilityGlobals) = postSolution
		SolutionGuid = {0761208F-E6B6-4E30-9A6E-42188C93BFB6}
	EndGlobalSection
EndGlobal
